
Microsoft Visual Studio Solution File, Format Version 12.00
# Visual Studio 14
VisualStudioVersion = 14.0.25123.0
MinimumVisualStudioVersion = 10.0.40219.1
Project("{2150E333-8FDC-42A3-9474-1A3956D46DE8}") = "src", "src", "{DAB7EC58-3255-4AE3-A29A-E873D3D0FE5B}"
EndProject
Project("{2150E333-8FDC-42A3-9474-1A3956D46DE8}") = "Solution Items", "Solution Items", "{BF353CB4-4B4C-462E-BED9-D03917AE348E}"
	ProjectSection(SolutionItems) = preProject
		global.json = global.json
	EndProjectSection
EndProject
Project("{8BB2217D-0F2D-49D1-97BC-3654ED321F3B}") = "VenStipe.Web", "src\VenStipe.Web\VenStipe.Web.xproj", "{9306FEBC-16AD-4060-9928-8E0D984F0798}"
EndProject
Global
	GlobalSection(SolutionConfigurationPlatforms) = preSolution
		Debug|Any CPU = Debug|Any CPU
		Release|Any CPU = Release|Any CPU
	EndGlobalSection
	GlobalSection(ProjectConfigurationPlatforms) = postSolution
		{9306FEBC-16AD-4060-9928-8E0D984F0798}.Debug|Any CPU.ActiveCfg = Debug|Any CPU
		{9306FEBC-16AD-4060-9928-8E0D984F0798}.Debug|Any CPU.Build.0 = Debug|Any CPU
		{9306FEBC-16AD-4060-9928-8E0D984F0798}.Release|Any CPU.ActiveCfg = Release|Any CPU
		{9306FEBC-16AD-4060-9928-8E0D984F0798}.Release|Any CPU.Build.0 = Release|Any CPU
	EndGlobalSection
	GlobalSection(SolutionProperties) = preSolution
		HideSolutionNode = FALSE
	EndGlobalSection
	GlobalSection(NestedProjects) = preSolution
		{9306FEBC-16AD-4060-9928-8E0D984F0798} = {DAB7EC58-3255-4AE3-A29A-E873D3D0FE5B}
	EndGlobalSection
EndGlobal
